
Microsoft Visual Studio Solution File, Format Version 12.00
# Visual Studio Version 17
VisualStudioVersion = 17.7.34024.191
MinimumVisualStudioVersion = 10.0.40219.1
Project("{FAE04EC0-301F-11D3-BF4B-00C04F79EFBC}") = "Jogo_De_Xadrez", "Jogo_De_Xadrez\Jogo_De_Xadrez.csproj", "{09394CEF-398F-482A-A7C6-EA97F146C317}"
EndProject
Global
	GlobalSection(SolutionConfigurationPlatforms) = preSolution
		Debug|Any CPU = Debug|Any CPU
		Release|Any CPU = Release|Any CPU
	EndGlobalSection
	GlobalSection(ProjectConfigurationPlatforms) = postSolution
		{09394CEF-398F-482A-A7C6-EA97F146C317}.Debug|Any CPU.ActiveCfg = Debug|Any CPU
		{09394CEF-398F-482A-A7C6-EA97F146C317}.Debug|Any CPU.Build.0 = Debug|Any CPU
		{09394CEF-398F-482A-A7C6-EA97F146C317}.Release|Any CPU.ActiveCfg = Release|Any CPU
		{09394CEF-398F-482A-A7C6-EA97F146C317}.Release|Any CPU.Build.0 = Release|Any CPU
	EndGlobalSection
	GlobalSection(SolutionProperties) = preSolution
		HideSolutionNode = FALSE
	EndGlobalSection
	GlobalSection(ExtensibilityGlobals) = postSolution
		SolutionGuid = {8BEB678B-46A4-4D2F-9155-DBC69850BCB7}
	EndGlobalSection
EndGlobal
